
Microsoft Visual Studio Solution File, Format Version 12.00
# Visual Studio 15
VisualStudioVersion = 15.0.27703.2000
MinimumVisualStudioVersion = 10.0.40219.1
Project("{FAE04EC0-301F-11D3-BF4B-00C04F79EFBC}") = "WpfApp1", "WpfApp1\WpfApp1.csproj", "{BEFEDB1A-41E1-43EA-BB76-48FD8C2366DC}"
EndProject
Global
	GlobalSection(SolutionConfigurationPlatforms) = preSolution
		Debug|Any CPU = Debug|Any CPU
		Release|Any CPU = Release|Any CPU
	EndGlobalSection
	GlobalSection(ProjectConfigurationPlatforms) = postSolution
		{BEFEDB1A-41E1-43EA-BB76-48FD8C2366DC}.Debug|Any CPU.ActiveCfg = Debug|Any CPU
		{BEFEDB1A-41E1-43EA-BB76-48FD8C2366DC}.Debug|Any CPU.Build.0 = Debug|Any CPU
		{BEFEDB1A-41E1-43EA-BB76-48FD8C2366DC}.Release|Any CPU.ActiveCfg = Release|Any CPU
		{BEFEDB1A-41E1-43EA-BB76-48FD8C2366DC}.Release|Any CPU.Build.0 = Release|Any CPU
	EndGlobalSection
	GlobalSection(SolutionProperties) = preSolution
		HideSolutionNode = FALSE
	EndGlobalSection
	GlobalSection(ExtensibilityGlobals) = postSolution
		SolutionGuid = {D0E5EFD1-14A9-42EB-AF7F-1871C1A71A3A}
	EndGlobalSection
EndGlobal
